// !$*UTF8*$!
{
	archiveVersion = 1;
	classes = {
	};
	objectVersion = 46;
	objects = {

/* Begin PBXBuildFile section */
		11409C9F1DE895D300424C04 /* AppDelegate.swift in Sources */ = {isa = PBXBuildFile; fileRef = 11409C9E1DE895D300424C04 /* AppDelegate.swift */; };
		11409CA11DE895D300424C04 /* ViewController.swift in Sources */ = {isa = PBXBuildFile; fileRef = 11409CA01DE895D300424C04 /* ViewController.swift */; };
		11409CA41DE895D300424C04 /* Main.storyboard in Resources */ = {isa = PBXBuildFile; fileRef = 11409CA21DE895D300424C04 /* Main.storyboard */; };
		11409CA61DE895D300424C04 /* Assets.xcassets in Resources */ = {isa = PBXBuildFile; fileRef = 11409CA51DE895D300424C04 /* Assets.xcassets */; };
		11409CA91DE895D300424C04 /* LaunchScreen.storyboard in Resources */ = {isa = PBXBuildFile; fileRef = 11409CA71DE895D300424C04 /* LaunchScreen.storyboard */; };
		11FAEB2A1DE89C4000E4D417 /* CustomView.swift in Sources */ = {isa = PBXBuildFile; fileRef = 11FAEB291DE89C4000E4D417 /* CustomView.swift */; };
		11FAEB2C1DE8E39900E4D417 /* ImageVC.swift in Sources */ = {isa = PBXBuildFile; fileRef = 11FAEB2B1DE8E39900E4D417 /* ImageVC.swift */; };
		11FAEB2E1DE8EAEF00E4D417 /* Global.swift in Sources */ = {isa = PBXBuildFile; fileRef = 11FAEB2D1DE8EAEF00E4D417 /* Global.swift */; };
/* End PBXBuildFile section */

/* Begin PBXFileReference section */
		11409C9B1DE895D300424C04 /* ImageCropping.app */ = {isa = PBXFileReference; explicitFileType = wrapper.application; includeInIndex = 0; path = ImageCropping.app; sourceTree = BUILT_PRODUCTS_DIR; };
		11409C9E1DE895D300424C04 /* AppDelegate.swift */ = {isa = PBXFileReference; lastKnownFileType = sourcecode.swift; path = AppDelegate.swift; sourceTree = "<group>"; };
		11409CA01DE895D300424C04 /* ViewController.swift */ = {isa = PBXFileReference; lastKnownFileType = sourcecode.swift; path = ViewController.swift; sourceTree = "<group>"; };
		11409CA31DE895D300424C04 /* Base */ = {isa = PBXFileReference; lastKnownFileType = file.storyboard; name = Base; path = Base.lproj/Main.storyboard; sourceTree = "<group>"; };
		11409CA51DE895D300424C04 /* Assets.xcassets */ = {isa = PBXFileReference; lastKnownFileType = folder.assetcatalog; path = Assets.xcassets; sourceTree = "<group>"; };
		11409CA81DE895D300424C04 /* Base */ = {isa = PBXFileReference; lastKnownFileType = file.storyboard; name = Base; path = Base.lproj/LaunchScreen.storyboard; sourceTree = "<group>"; };
		11409CAA1DE895D300424C04 /* Info.plist */ = {isa = PBXFileReference; lastKnownFileType = text.plist.xml; path = Info.plist; sourceTree = "<group>"; };
		11FAEB291DE89C4000E4D417 /* CustomView.swift */ = {isa = PBXFileReference; fileEncoding = 4; lastKnownFileType = sourcecode.swift; path = CustomView.swift; sourceTree = "<group>"; };
		11FAEB2B1DE8E39900E4D417 /* ImageVC.swift */ = {isa = PBXFileReference; fileEncoding = 4; lastKnownFileType = sourcecode.swift; path = ImageVC.swift; sourceTree = "<group>"; };
		11FAEB2D1DE8EAEF00E4D417 /* Global.swift */ = {isa = PBXFileReference; fileEncoding = 4; lastKnownFileType = sourcecode.swift; path = Global.swift; sourceTree = "<group>"; };
/* End PBXFileReference section */

/* Begin PBXFrameworksBuildPhase section */
		11409C981DE895D200424C04 /* Frameworks */ = {
			isa = PBXFrameworksBuildPhase;
			buildActionMask = 2147483647;
			files = (
			);
			runOnlyForDeploymentPostprocessing = 0;
		};
/* End PBXFrameworksBuildPhase section */

/* Begin PBXGroup section */
		11409C921DE895D200424C04 = {
			isa = PBXGroup;
			children = (
				11409C9D1DE895D300424C04 /* ImageCropping */,
				11409C9C1DE895D300424C04 /* Products */,
			);
			sourceTree = "<group>";
		};
		11409C9C1DE895D300424C04 /* Products */ = {
			isa = PBXGroup;
			children = (
				11409C9B1DE895D300424C04 /* ImageCropping.app */,
			);
			name = Products;
			sourceTree = "<group>";
		};
		11409C9D1DE895D300424C04 /* ImageCropping */ = {
			isa = PBXGroup;
			children = (
				11409C9E1DE895D300424C04 /* AppDelegate.swift */,
				11409CA21DE895D300424C04 /* Main.storyboard */,
				11409CA51DE895D300424C04 /* Assets.xcassets */,
				11409CA71DE895D300424C04 /* LaunchScreen.storyboard */,
				11409CAA1DE895D300424C04 /* Info.plist */,
				11409CA01DE895D300424C04 /* ViewController.swift */,
				11FAEB291DE89C4000E4D417 /* CustomView.swift */,
				11FAEB2D1DE8EAEF00E4D417 /* Global.swift */,
				11FAEB2B1DE8E39900E4D417 /* ImageVC.swift */,
			);
			path = ImageCropping;
			sourceTree = "<group>";
		};
/* End PBXGroup section */

/* Begin PBXNativeTarget section */
		11409C9A1DE895D200424C04 /* ImageCropping */ = {
			isa = PBXNativeTarget;
			buildConfigurationList = 11409CAD1DE895D300424C04 /* Build configuration list for PBXNativeTarget "ImageCropping" */;
			buildPhases = (
				11409C971DE895D200424C04 /* Sources */,
				11409C981DE895D200424C04 /* Frameworks */,
				11409C991DE895D200424C04 /* Resources */,
			);
			buildRules = (
			);
			dependencies = (
			);
			name = ImageCropping;
			productName = ImageCropping;
			productReference = 11409C9B1DE895D300424C04 /* ImageCropping.app */;
			productType = "com.apple.product-type.application";
		};
/* End PBXNativeTarget section */

/* Begin PBXProject section */
		11409C931DE895D200424C04 /* Project object */ = {
			isa = PBXProject;
			attributes = {
				LastSwiftUpdateCheck = 0800;
				LastUpgradeCheck = 0800;
				ORGANIZATIONNAME = "Vjaceslav Horbac";
				TargetAttributes = {
					11409C9A1DE895D200424C04 = {
						CreatedOnToolsVersion = 8.0;
						DevelopmentTeam = AC6K9V2C7Z;
						ProvisioningStyle = Automatic;
					};
				};
			};
			buildConfigurationList = 11409C961DE895D200424C04 /* Build configuration list for PBXProject "ImageCropping" */;
			compatibilityVersion = "Xcode 3.2";
			developmentRegion = English;
			hasScannedForEncodings = 0;
			knownRegions = (
				en,
				Base,
			);
			mainGroup = 11409C921DE895D200424C04;
			productRefGroup = 11409C9C1DE895D300424C04 /* Products */;
			projectDirPath = "";
			projectRoot = "";
			targets = (
				11409C9A1DE895D200424C04 /* ImageCropping */,
			);
		};
/* End PBXProject section */

/* Begin PBXResourcesBuildPhase section */
		11409C991DE895D200424C04 /* Resources */ = {
			isa = PBXResourcesBuildPhase;
			buildActionMask = 2147483647;
			files = (
				11409CA91DE895D300424C04 /* LaunchScreen.storyboard in Resources */,
				11409CA61DE895D300424C04 /* Assets.xcassets in Resources */,
				11409CA41DE895D300424C04 /* Main.storyboard in Resources */,
			);
			runOnlyForDeploymentPostprocessing = 0;
		};
/* End PBXResourcesBuildPhase section */

/* Begin PBXSourcesBuildPhase section */
		11409C971DE895D200424C04 /* Sources */ = {
			isa = PBXSourcesBuildPhase;
			buildActionMask = 2147483647;
			files = (
				11FAEB2C1DE8E39900E4D417 /* ImageVC.swift in Sources */,
				11FAEB2A1DE89C4000E4D417 /* CustomView.swift in Sources */,
				11409CA11DE895D300424C04 /* ViewController.swift in Sources */,
				11FAEB2E1DE8EAEF00E4D417 /* Global.swift in Sources */,
				11409C9F1DE895D300424C04 /* AppDelegate.swift in Sources */,
			);
			runOnlyForDeploymentPostprocessing = 0;
		};
/* End PBXSourcesBuildPhase section */

/* Begin PBXVariantGroup section */
		11409CA21DE895D300424C04 /* Main.storyboard */ = {
			isa = PBXVariantGroup;
			children = (
				11409CA31DE895D300424C04 /* Base */,
			);
			name = Main.storyboard;
			sourceTree = "<group>";
		};
		11409CA71DE895D300424C04 /* LaunchScreen.storyboard */ = {
			isa = PBXVariantGroup;
			children = (
				11409CA81DE895D300424C04 /* Base */,
			);
			name = LaunchScreen.storyboard;
			sourceTree = "<group>";
		};
/* End PBXVariantGroup section */

/* Begin XCBuildConfiguration section */
		11409CAB1DE895D300424C04 /* Debug */ = {
			isa = XCBuildConfiguration;
			buildSettings = {
				ALWAYS_SEARCH_USER_PATHS = NO;
				CLANG_ANALYZER_NONNULL = YES;
				CLANG_CXX_LANGUAGE_STANDARD = "gnu++0x";
				CLANG_CXX_LIBRARY = "libc++";
				CLANG_ENABLE_MODULES = YES;
				CLANG_ENABLE_OBJC_ARC = YES;
				CLANG_WARN_BOOL_CONVERSION = YES;
				CLANG_WARN_CONSTANT_CONVERSION = YES;
				CLANG_WARN_DIRECT_OBJC_ISA_USAGE = YES_ERROR;
				CLANG_WARN_DOCUMENTATION_COMMENTS = YES;
				CLANG_WARN_EMPTY_BODY = YES;
				CLANG_WARN_ENUM_CONVERSION = YES;
				CLANG_WARN_INFINITE_RECURSION = YES;
				CLANG_WARN_INT_CONVERSION = YES;
				CLANG_WARN_OBJC_ROOT_CLASS = YES_ERROR;
				CLANG_WARN_SUSPICIOUS_MOVES = YES;
				CLANG_WARN_UNREACHABLE_CODE = YES;
				CLANG_WARN__DUPLICATE_METHOD_MATCH = YES;
				"CODE_SIGN_IDENTITY[sdk=iphoneos*]" = "iPhone Developer";
				COPY_PHASE_STRIP = NO;
				DEBUG_INFORMATION_FORMAT = dwarf;
				ENABLE_STRICT_OBJC_MSGSEND = YES;
				ENABLE_TESTABILITY = YES;
				GCC_C_LANGUAGE_STANDARD = gnu99;
				GCC_DYNAMIC_NO_PIC = NO;
				GCC_NO_COMMON_BLOCKS = YES;
				GCC_OPTIMIZATION_LEVEL = 0;
				GCC_PREPROCESSOR_DEFINITIONS = (
					"DEBUG=1",
					"$(inherited)",
				);
				GCC_WARN_64_TO_32_BIT_CONVERSION = YES;
				GCC_WARN_ABOUT_RETURN_TYPE = YES_ERROR;
				GCC_WARN_UNDECLARED_SELECTOR = YES;
				GCC_WARN_UNINITIALIZED_AUTOS = YES_AGGRESSIVE;
				GCC_WARN_UNUSED_FUNCTION = YES;
				GCC_WARN_UNUSED_VARIABLE = YES;
				IPHONEOS_DEPLOYMENT_TARGET = 10.0;
				MTL_ENABLE_DEBUG_INFO = YES;
				ONLY_ACTIVE_ARCH = YES;
				SDKROOT = iphoneos;
				SWIFT_ACTIVE_COMPILATION_CONDITIONS = DEBUG;
				SWIFT_OPTIMIZATION_LEVEL = "-Onone";
			};
			name = Debug;
		};
		11409CAC1DE895D300424C04 /* Release */ = {
			isa = XCBuildConfiguration;
			buildSettings = {
				ALWAYS_SEARCH_USER_PATHS = NO;
				CLANG_ANALYZER_NONNULL = YES;
				CLANG_CXX_LANGUAGE_STANDARD = "gnu++0x";
				CLANG_CXX_LIBRARY = "libc++";
				CLANG_ENABLE_MODULES = YES;
				CLANG_ENABLE_OBJC_ARC = YES;
				CLANG_WARN_BOOL_CONVERSION = YES;
				CLANG_WARN_CONSTANT_CONVERSION = YES;
				CLANG_WARN_DIRECT_OBJC_ISA_USAGE = YES_ERROR;
				CLANG_WARN_DOCUMENTATION_COMMENTS = YES;
				CLANG_WARN_EMPTY_BODY = YES;
				CLANG_WARN_ENUM_CONVERSION = YES;
				CLANG_WARN_INFINITE_RECURSION = YES;
				CLANG_WARN_INT_CONVERSION = YES;
				CLANG_WARN_OBJC_ROOT_CLASS = YES_ERROR;
				CLANG_WARN_SUSPICIOUS_MOVES = YES;
				CLANG_WARN_UNREACHABLE_CODE = YES;
				CLANG_WARN__DUPLICATE_METHOD_MATCH = YES;
				"CODE_SIGN_IDENTITY[sdk=iphoneos*]" = "iPhone Developer";
				COPY_PHASE_STRIP = NO;
				DEBUG_INFORMATION_FORMAT = "dwarf-with-dsym";
				ENABLE_NS_ASSERTIONS = NO;
				ENABLE_STRICT_OBJC_MSGSEND = YES;
				GCC_C_LANGUAGE_STANDARD = gnu99;
				GCC_NO_COMMON_BLOCKS = YES;
				GCC_WARN_64_TO_32_BIT_CONVERSION = YES;
				GCC_WARN_ABOUT_RETURN_TYPE = YES_ERROR;
				GCC_WARN_UNDECLARED_SELECTOR = YES;
				GCC_WARN_UNINITIALIZED_AUTOS = YES_AGGRESSIVE;
				GCC_WARN_UNUSED_FUNCTION = YES;
				GCC_WARN_UNUSED_VARIABLE = YES;
				IPHONEOS_DEPLOYMENT_TARGET = 10.0;
				MTL_ENABLE_DEBUG_INFO = NO;
				SDKROOT = iphoneos;
				SWIFT_OPTIMIZATION_LEVEL = "-Owholemodule";
				VALIDATE_PRODUCT = YES;
			};
			name = Release;
		};
		11409CAE1DE895D300424C04 /* Debug */ = {
			isa = XCBuildConfiguration;
			buildSettings = {
				ASSETCATALOG_COMPILER_APPICON_NAME = AppIcon;
				DEVELOPMENT_TEAM = AC6K9V2C7Z;
				INFOPLIST_FILE = ImageCropping/Info.plist;
				LD_RUNPATH_SEARCH_PATHS = "$(inherited) @executable_path/Frameworks";
				PRODUCT_BUNDLE_IDENTIFIER = com.thehorbac.ImageCropping;
				PRODUCT_NAME = "$(TARGET_NAME)";
				SWIFT_VERSION = 3.0;
			};
			name = Debug;
		};
		11409CAF1DE895D300424C04 /* Release */ = {
			isa = XCBuildConfiguration;
			buildSettings = {
				ASSETCATALOG_COMPILER_APPICON_NAME = AppIcon;
				DEVELOPMENT_TEAM = AC6K9V2C7Z;
				INFOPLIST_FILE = ImageCropping/Info.plist;
				LD_RUNPATH_SEARCH_PATHS = "$(inherited) @executable_path/Frameworks";
				PRODUCT_BUNDLE_IDENTIFIER = com.thehorbac.ImageCropping;
				PRODUCT_NAME = "$(TARGET_NAME)";
				SWIFT_VERSION = 3.0;
			};
			name = Release;
		};
/* End XCBuildConfiguration section */

/* Begin XCConfigurationList section */
		11409C961DE895D200424C04 /* Build configuration list for PBXProject "ImageCropping" */ = {
			isa = XCConfigurationList;
			buildConfigurations = (
				11409CAB1DE895D300424C04 /* Debug */,
				11409CAC1DE895D300424C04 /* Release */,
			);
			defaultConfigurationIsVisible = 0;
			defaultConfigurationName = Release;
		};
		11409CAD1DE895D300424C04 /* Build configuration list for PBXNativeTarget "ImageCropping" */ = {
			isa = XCConfigurationList;
			buildConfigurations = (
				11409CAE1DE895D300424C04 /* Debug */,
				11409CAF1DE895D300424C04 /* Release */,
			);
			defaultConfigurationIsVisible = 0;
			defaultConfigurationName = Release;
		};
/* End XCConfigurationList section */
	};
	rootObject = 11409C931DE895D200424C04 /* Project object */;
}
